{
  "nodes": {
    "nixpkgs": {
      "locked": {
        "lastModified": 1787172299,
        "narHash": "sha256-PShzS87awOlE5XWkxUGBd/58/F+AtE2ZMgFffKj4r8s=",
        "owner": "NixOS",
        "repo": "nixpkgs",
        "rev": "07e1d92cdc0ed416cfa11ff3ca40d17e61cfba7a",
        "type": "github"
      },
      "original": {
        "owner": "NixOS",
        "ref": "nixpkgs-unstable",
        "repo": "nixpkgs",
        "type": "github"
      }
    },
    "plugins-lze": {
      "flake": false,
      "locked": {
        "lastModified": 1782136817,
        "narHash": "sha256-7RNUVDWU13E0LGv3QVfC/Qmz/gA564FKfpv6PxYn75M=",
        "owner": "BirdeeHub",
        "repo": "lze",
        "rev": "ae45b9f1fd923955a5ebc733b920e23f0c105ae1",
        "type": "github"
      },
      "original": {
        "owner": "BirdeeHub",
        "repo": "lze",
        "type": "github"
      }
    },
    "plugins-lzextras": {
      "flake": false,
      "locked": {
        "lastModified": 1782220927,
        "narHash": "sha256-9hoMQoor4SjQ8+2eH33YQkoEfSXc+kKjRdTRCJYxL+M=",
        "owner": "BirdeeHub",
        "repo": "lzextras",
        "rev": "0dd4ed15331b6eaf4b6304d4e0db32ccb043b76e",
        "type": "github"
      },
      "original": {
        "owner": "BirdeeHub",
        "repo": "lzextras",
        "type": "github"
      }
    },
    "plugins-milli": {
      "flake": false,
      "locked": {
        "lastModified": 1783314567,
        "narHash": "sha256-8eDQL90GVT0eoGrpOuul3PuehRtiB66N1FdggOczjEE=",
        "owner": "Amansingh-afk",
        "repo": "milli.nvim",
        "rev": "6e94122fcc783bcee7d30b05cedc53beddb01104",
        "type": "github"
      },
      "original": {
        "owner": "Amansingh-afk",
        "repo": "milli.nvim",
        "type": "github"
      }
    },
    "plugins-mind": {
      "flake": false,
      "locked": {
        "lastModified": 1700524216,
        "narHash": "sha256-b4atXqR3nO0y3J8RLz4oGCoIssKUfWdZh3rdCfxRi9Y=",
        "owner": "Selyss",
        "repo": "mind.nvim",
        "rev": "3ab126f62f93d204beb7212df7bca9038456b261",
        "type": "github"
      },
      "original": {
        "owner": "Selyss",
        "repo": "mind.nvim",
        "type": "github"
      }
    },
    "plugins-tiny-code-action": {
      "flake": false,
      "locked": {
        "lastModified": 1777075455,
        "narHash": "sha256-UF9zeO5Uujdt2MEwy2d2Lhk6JRnEN4vrEvYslv0/zaA=",
        "owner": "rachartier",
        "repo": "tiny-code-action.nvim",
        "rev": "0d040ed81f7953118b81cd12681fcdfcac069803",
        "type": "github"
      },
      "original": {
        "owner": "rachartier",
        "repo": "tiny-code-action.nvim",
        "type": "github"
      }
    },
    "plugins-tiny-inline-diagnostic": {
      "flake": false,
      "locked": {
        "lastModified": 1783267840,
        "narHash": "sha256-dG4eCcIRaHOPj75DNOBJAqo2Vy7LAQ0QfWOVD94FloA=",
        "owner": "rachartier",
        "repo": "tiny-inline-diagnostic.nvim",
        "rev": "6264451f14119d63a52580e5198d6baf8518b0b2",
        "type": "github"
      },
      "original": {
        "owner": "rachartier",
        "repo": "tiny-inline-diagnostic.nvim",
        "type": "github"
      }
    },
    "root": {
      "inputs": {
        "nixpkgs": "nixpkgs",
        "plugins-lze": "plugins-lze",
        "plugins-lzextras": "plugins-lzextras",
        "plugins-milli": "plugins-milli",
        "plugins-mind": "plugins-mind",
        "plugins-tiny-code-action": "plugins-tiny-code-action",
        "plugins-tiny-inline-diagnostic": "plugins-tiny-inline-diagnostic",
        "wrappers": "wrappers"
      }
    },
    "wrappers": {
      "inputs": {
        "nixpkgs": [
          "nixpkgs"
        ]
      },
      "locked": {
        "lastModified": 1787170572,
        "narHash": "sha256-uVHI/TBIX1dVaCZfw0f/gj67f9gOmRLy0kwqGucztRI=",
        "owner": "BirdeeHub",
        "repo": "nix-wrapper-modules",
        "rev": "7a6279b12ee668bd897c7ed444ce2031c6dbeaa0",
        "type": "github"
      },
      "original": {
        "owner": "BirdeeHub",
        "repo": "nix-wrapper-modules",
        "type": "github"
      }
    }
  },
  "root": "root",
  "version": 7
}
