{
  "nodes": {
    "nixpkgs": {
      "locked": {
        "lastModified": 1777548390,
        "narHash": "sha256-WacE23EbHTsBKvr8cu+1DFNbP6Rh1brHUH5SDUI0NQI=",
        "owner": "NixOS",
        "repo": "nixpkgs",
        "rev": "7aaa00e7cc9be6c316cb5f6617bd740dd435c59d",
        "type": "github"
      },
      "original": {
        "owner": "NixOS",
        "ref": "nixpkgs-unstable",
        "repo": "nixpkgs",
        "type": "github"
      }
    },
    "plugins-lze": {
      "flake": false,
      "locked": {
        "lastModified": 1777332925,
        "narHash": "sha256-jKADsx+893AjFfua++A/Py0Z5bZC6M8HJuXPVJdi+pA=",
        "owner": "BirdeeHub",
        "repo": "lze",
        "rev": "d9425d09fc66f9529b29689852ec21d6aadf9fbc",
        "type": "github"
      },
      "original": {
        "owner": "BirdeeHub",
        "repo": "lze",
        "type": "github"
      }
    },
    "plugins-lzextras": {
      "flake": false,
      "locked": {
        "lastModified": 1777352146,
        "narHash": "sha256-lPGTL68ghRgX9eKOgLjAc9rkhmhACVzwD/pxPaG+dAw=",
        "owner": "BirdeeHub",
        "repo": "lzextras",
        "rev": "844c3e5c5b9ab857db948941c8c7dba4e8ddd0e3",
        "type": "github"
      },
      "original": {
        "owner": "BirdeeHub",
        "repo": "lzextras",
        "type": "github"
      }
    },
    "root": {
      "inputs": {
        "nixpkgs": "nixpkgs",
        "plugins-lze": "plugins-lze",
        "plugins-lzextras": "plugins-lzextras",
        "wrappers": "wrappers"
      }
    },
    "wrappers": {
      "inputs": {
        "nixpkgs": [
          "nixpkgs"
        ]
      },
      "locked": {
        "lastModified": 1777671051,
        "narHash": "sha256-h215lfBUcT4/HlY7v56hjS90rjAbhKgRGxT6tuq5icc=",
        "owner": "BirdeeHub",
        "repo": "nix-wrapper-modules",
        "rev": "5eeeb153ad8869f584e949541e858f3be76e761a",
        "type": "github"
      },
      "original": {
        "owner": "BirdeeHub",
        "repo": "nix-wrapper-modules",
        "type": "github"
      }
    }
  },
  "root": "root",
  "version": 7
}
